
Microsoft Visual Studio Solution File, Format Version 12.00
# Visual Studio Version 17
VisualStudioVersion = 17.5.33627.172
MinimumVisualStudioVersion = 10.0.40219.1
Project("{2150E333-8FDC-42A3-9474-1A3956D46DE8}") = "src", "src", "{C4550E39-0362-47E1-AA35-34DB0A74EE7A}"
EndProject
Project("{2150E333-8FDC-42A3-9474-1A3956D46DE8}") = "webUI", "webUI", "{5B5633A6-22C3-4683-A522-737DF6222519}"
EndProject
Project("{9A19103F-16F7-4668-BE54-9A1E7A4F7556}") = "BookApp.Mvc", "src\webUI\BookApp.Mvc\BookApp.Mvc.csproj", "{01369FAF-6ABD-4148-91AC-F0406A69E0F5}"
EndProject
Project("{2150E333-8FDC-42A3-9474-1A3956D46DE8}") = "Domain", "Domain", "{AC3AB330-55AF-4EBF-8D55-7D399CD7044B}"
EndProject
Project("{FAE04EC0-301F-11D3-BF4B-00C04F79EFBC}") = "BookApp.Entities", "src\Domain\BookApp.Entities\BookApp.Entities.csproj", "{1284A74A-9C80-4EE0-BEC3-885857310639}"
EndProject
Project("{2150E333-8FDC-42A3-9474-1A3956D46DE8}") = "Infrastructure", "Infrastructure", "{F31C2871-9ACB-4BC3-9D06-524D6E319359}"
EndProject
Project("{FAE04EC0-301F-11D3-BF4B-00C04F79EFBC}") = "BookApp.Infrastructure", "src\Infrastructure\BookApp.Infrastructure\BookApp.Infrastructure.csproj", "{C17D8E2E-C54D-498A-AD14-33996F897022}"
EndProject
Project("{2150E333-8FDC-42A3-9474-1A3956D46DE8}") = "Application", "Application", "{0A2F322A-8DFB-4DCF-B142-E440091F0029}"
EndProject
Project("{FAE04EC0-301F-11D3-BF4B-00C04F79EFBC}") = "BookApp.Services", "src\Application\BookApp.Services\BookApp.Services.csproj", "{C8FE32AA-0DC5-4485-A2E2-E93AE5878DA0}"
EndProject
Project("{FAE04EC0-301F-11D3-BF4B-00C04F79EFBC}") = "BookApp.DataTransferObjects", "src\Application\BookApp.DataTransferObjects\BookApp.DataTransferObjects.csproj", "{65FF41C6-2BC5-4AC4-8AAF-44008E73159C}"
EndProject
Global
	GlobalSection(SolutionConfigurationPlatforms) = preSolution
		Debug|Any CPU = Debug|Any CPU
		Release|Any CPU = Release|Any CPU
	EndGlobalSection
	GlobalSection(ProjectConfigurationPlatforms) = postSolution
		{01369FAF-6ABD-4148-91AC-F0406A69E0F5}.Debug|Any CPU.ActiveCfg = Debug|Any CPU
		{01369FAF-6ABD-4148-91AC-F0406A69E0F5}.Debug|Any CPU.Build.0 = Debug|Any CPU
		{01369FAF-6ABD-4148-91AC-F0406A69E0F5}.Release|Any CPU.ActiveCfg = Release|Any CPU
		{01369FAF-6ABD-4148-91AC-F0406A69E0F5}.Release|Any CPU.Build.0 = Release|Any CPU
		{1284A74A-9C80-4EE0-BEC3-885857310639}.Debug|Any CPU.ActiveCfg = Debug|Any CPU
		{1284A74A-9C80-4EE0-BEC3-885857310639}.Debug|Any CPU.Build.0 = Debug|Any CPU
		{1284A74A-9C80-4EE0-BEC3-885857310639}.Release|Any CPU.ActiveCfg = Release|Any CPU
		{1284A74A-9C80-4EE0-BEC3-885857310639}.Release|Any CPU.Build.0 = Release|Any CPU
		{C17D8E2E-C54D-498A-AD14-33996F897022}.Debug|Any CPU.ActiveCfg = Debug|Any CPU
		{C17D8E2E-C54D-498A-AD14-33996F897022}.Debug|Any CPU.Build.0 = Debug|Any CPU
		{C17D8E2E-C54D-498A-AD14-33996F897022}.Release|Any CPU.ActiveCfg = Release|Any CPU
		{C17D8E2E-C54D-498A-AD14-33996F897022}.Release|Any CPU.Build.0 = Release|Any CPU
		{C8FE32AA-0DC5-4485-A2E2-E93AE5878DA0}.Debug|Any CPU.ActiveCfg = Debug|Any CPU
		{C8FE32AA-0DC5-4485-A2E2-E93AE5878DA0}.Debug|Any CPU.Build.0 = Debug|Any CPU
		{C8FE32AA-0DC5-4485-A2E2-E93AE5878DA0}.Release|Any CPU.ActiveCfg = Release|Any CPU
		{C8FE32AA-0DC5-4485-A2E2-E93AE5878DA0}.Release|Any CPU.Build.0 = Release|Any CPU
		{65FF41C6-2BC5-4AC4-8AAF-44008E73159C}.Debug|Any CPU.ActiveCfg = Debug|Any CPU
		{65FF41C6-2BC5-4AC4-8AAF-44008E73159C}.Debug|Any CPU.Build.0 = Debug|Any CPU
		{65FF41C6-2BC5-4AC4-8AAF-44008E73159C}.Release|Any CPU.ActiveCfg = Release|Any CPU
		{65FF41C6-2BC5-4AC4-8AAF-44008E73159C}.Release|Any CPU.Build.0 = Release|Any CPU
	EndGlobalSection
	GlobalSection(SolutionProperties) = preSolution
		HideSolutionNode = FALSE
	EndGlobalSection
	GlobalSection(NestedProjects) = preSolution
		{5B5633A6-22C3-4683-A522-737DF6222519} = {C4550E39-0362-47E1-AA35-34DB0A74EE7A}
		{01369FAF-6ABD-4148-91AC-F0406A69E0F5} = {5B5633A6-22C3-4683-A522-737DF6222519}
		{AC3AB330-55AF-4EBF-8D55-7D399CD7044B} = {C4550E39-0362-47E1-AA35-34DB0A74EE7A}
		{1284A74A-9C80-4EE0-BEC3-885857310639} = {AC3AB330-55AF-4EBF-8D55-7D399CD7044B}
		{F31C2871-9ACB-4BC3-9D06-524D6E319359} = {C4550E39-0362-47E1-AA35-34DB0A74EE7A}
		{C17D8E2E-C54D-498A-AD14-33996F897022} = {F31C2871-9ACB-4BC3-9D06-524D6E319359}
		{0A2F322A-8DFB-4DCF-B142-E440091F0029} = {C4550E39-0362-47E1-AA35-34DB0A74EE7A}
		{C8FE32AA-0DC5-4485-A2E2-E93AE5878DA0} = {0A2F322A-8DFB-4DCF-B142-E440091F0029}
		{65FF41C6-2BC5-4AC4-8AAF-44008E73159C} = {0A2F322A-8DFB-4DCF-B142-E440091F0029}
	EndGlobalSection
	GlobalSection(ExtensibilityGlobals) = postSolution
		SolutionGuid = {88560267-346A-4011-8E84-14CC560F6CC8}
	EndGlobalSection
EndGlobal
